
Microsoft Visual Studio Solution File, Format Version 12.00
# Visual Studio Version 17
VisualStudioVersion = 17.4.33205.214
MinimumVisualStudioVersion = 10.0.40219.1
Project("{FAE04EC0-301F-11D3-BF4B-00C04F79EFBC}") = "LogicalProgrampracties", "LogicalProgrampracties\LogicalProgrampracties.csproj", "{C94960FD-7489-4DEE-90AB-399516A847D7}"
EndProject
Global
	GlobalSection(SolutionConfigurationPlatforms) = preSolution
		Debug|Any CPU = Debug|Any CPU
		Release|Any CPU = Release|Any CPU
	EndGlobalSection
	GlobalSection(ProjectConfigurationPlatforms) = postSolution
		{C94960FD-7489-4DEE-90AB-399516A847D7}.Debug|Any CPU.ActiveCfg = Debug|Any CPU
		{C94960FD-7489-4DEE-90AB-399516A847D7}.Debug|Any CPU.Build.0 = Debug|Any CPU
		{C94960FD-7489-4DEE-90AB-399516A847D7}.Release|Any CPU.ActiveCfg = Release|Any CPU
		{C94960FD-7489-4DEE-90AB-399516A847D7}.Release|Any CPU.Build.0 = Release|Any CPU
	EndGlobalSection
	GlobalSection(SolutionProperties) = preSolution
		HideSolutionNode = FALSE
	EndGlobalSection
	GlobalSection(ExtensibilityGlobals) = postSolution
		SolutionGuid = {0A2FC12A-8B5B-422A-A413-A89161A7C2EA}
	EndGlobalSection
EndGlobal
